
Microsoft Visual Studio Solution File, Format Version 12.00
Project("{2150E333-8FDC-42A3-9474-1A3956D46DE8}") = "src", "src", "{35A7EF5B-4E8B-4779-BE96-8F75F7661C74}"
EndProject
Project("{2150E333-8FDC-42A3-9474-1A3956D46DE8}") = "Solution Items", "Solution Items", "{7A5960FE-FC87-47CE-A6BE-0455356109C9}"
	ProjectSection(SolutionItems) = preProject
		Directory.Build.props = Directory.Build.props
		Directory.Packages.props = Directory.Packages.props
	EndProjectSection
EndProject
Project("{FAE04EC0-301F-11D3-BF4B-00C04F79EFBC}") = "Todo.Application", "src\Todo.Application\Todo.Application.csproj", "{5138DAE4-A04C-442A-8517-E16E722E9328}"
EndProject
Project("{FAE04EC0-301F-11D3-BF4B-00C04F79EFBC}") = "Todo.Infrastructure", "src\Todo.Infrastructure\Todo.Infrastructure.csproj", "{8687F7DD-D584-4384-AC7F-E34077F2321D}"
EndProject
Project("{FAE04EC0-301F-11D3-BF4B-00C04F79EFBC}") = "Todo.Persistence", "src\Todo.Persistence\Todo.Persistence.csproj", "{ACA422FB-6F72-4ADB-8C47-E75F18097F87}"
EndProject
Project("{FAE04EC0-301F-11D3-BF4B-00C04F79EFBC}") = "Todo.Domain", "src\Todo.Domain\Todo.Domain.csproj", "{54254585-FC53-4D10-B916-876632908407}"
EndProject
Project("{FAE04EC0-301F-11D3-BF4B-00C04F79EFBC}") = "Todo.WebApi", "src\Todo.WebApi\Todo.WebApi.csproj", "{1D9A318B-2F40-407A-8960-54742924A47A}"
EndProject
Global
	GlobalSection(SolutionConfigurationPlatforms) = preSolution
		Debug|Any CPU = Debug|Any CPU
		Release|Any CPU = Release|Any CPU
	EndGlobalSection
	GlobalSection(ProjectConfigurationPlatforms) = postSolution
		{5138DAE4-A04C-442A-8517-E16E722E9328}.Debug|Any CPU.ActiveCfg = Debug|Any CPU
		{5138DAE4-A04C-442A-8517-E16E722E9328}.Debug|Any CPU.Build.0 = Debug|Any CPU
		{5138DAE4-A04C-442A-8517-E16E722E9328}.Release|Any CPU.ActiveCfg = Release|Any CPU
		{5138DAE4-A04C-442A-8517-E16E722E9328}.Release|Any CPU.Build.0 = Release|Any CPU
		{8687F7DD-D584-4384-AC7F-E34077F2321D}.Debug|Any CPU.ActiveCfg = Debug|Any CPU
		{8687F7DD-D584-4384-AC7F-E34077F2321D}.Debug|Any CPU.Build.0 = Debug|Any CPU
		{8687F7DD-D584-4384-AC7F-E34077F2321D}.Release|Any CPU.ActiveCfg = Release|Any CPU
		{8687F7DD-D584-4384-AC7F-E34077F2321D}.Release|Any CPU.Build.0 = Release|Any CPU
		{ACA422FB-6F72-4ADB-8C47-E75F18097F87}.Debug|Any CPU.ActiveCfg = Debug|Any CPU
		{ACA422FB-6F72-4ADB-8C47-E75F18097F87}.Debug|Any CPU.Build.0 = Debug|Any CPU
		{ACA422FB-6F72-4ADB-8C47-E75F18097F87}.Release|Any CPU.ActiveCfg = Release|Any CPU
		{ACA422FB-6F72-4ADB-8C47-E75F18097F87}.Release|Any CPU.Build.0 = Release|Any CPU
		{54254585-FC53-4D10-B916-876632908407}.Debug|Any CPU.ActiveCfg = Debug|Any CPU
		{54254585-FC53-4D10-B916-876632908407}.Debug|Any CPU.Build.0 = Debug|Any CPU
		{54254585-FC53-4D10-B916-876632908407}.Release|Any CPU.ActiveCfg = Release|Any CPU
		{54254585-FC53-4D10-B916-876632908407}.Release|Any CPU.Build.0 = Release|Any CPU
		{1D9A318B-2F40-407A-8960-54742924A47A}.Debug|Any CPU.ActiveCfg = Debug|Any CPU
		{1D9A318B-2F40-407A-8960-54742924A47A}.Debug|Any CPU.Build.0 = Debug|Any CPU
		{1D9A318B-2F40-407A-8960-54742924A47A}.Release|Any CPU.ActiveCfg = Release|Any CPU
		{1D9A318B-2F40-407A-8960-54742924A47A}.Release|Any CPU.Build.0 = Release|Any CPU
	EndGlobalSection
	GlobalSection(NestedProjects) = preSolution
		{5138DAE4-A04C-442A-8517-E16E722E9328} = {35A7EF5B-4E8B-4779-BE96-8F75F7661C74}
		{8687F7DD-D584-4384-AC7F-E34077F2321D} = {35A7EF5B-4E8B-4779-BE96-8F75F7661C74}
		{ACA422FB-6F72-4ADB-8C47-E75F18097F87} = {35A7EF5B-4E8B-4779-BE96-8F75F7661C74}
		{54254585-FC53-4D10-B916-876632908407} = {35A7EF5B-4E8B-4779-BE96-8F75F7661C74}
		{1D9A318B-2F40-407A-8960-54742924A47A} = {35A7EF5B-4E8B-4779-BE96-8F75F7661C74}
	EndGlobalSection
EndGlobal
